// !$*UTF8*$!
{
	archiveVersion = 1;
	classes = {
	};
	objectVersion = 56;
	objects = {

/* Begin PBXBuildFile section */
		FF34ABA02AF68759007793B4 /* SimpleStatusJSON.swift in Sources */ = {isa = PBXBuildFile; fileRef = FF34AB9F2AF68759007793B4 /* SimpleStatusJSON.swift */; };
		FF34ABA22AF68CAC007793B4 /* BigJSON.swift in Sources */ = {isa = PBXBuildFile; fileRef = FF34ABA12AF68CAC007793B4 /* BigJSON.swift */; };
		FF399F152AF6787D00018965 /* SwiftProtobuf in Frameworks */ = {isa = PBXBuildFile; productRef = FF399F142AF6787D00018965 /* SwiftProtobuf */; };
		FF399F172AF6787D00018965 /* SwiftProtobufPluginLibrary in Frameworks */ = {isa = PBXBuildFile; productRef = FF399F162AF6787D00018965 /* SwiftProtobufPluginLibrary */; };
		FF399F1B2AF6793F00018965 /* simple_status.pb.swift in Sources */ = {isa = PBXBuildFile; fileRef = FF399F1A2AF6793F00018965 /* simple_status.pb.swift */; };
		FF399F232AF67C1C00018965 /* RustSwiftJSONParseTests.swift in Sources */ = {isa = PBXBuildFile; fileRef = FF399F222AF67C1C00018965 /* RustSwiftJSONParseTests.swift */; };
		FF5D982E2AF51EBC004DD514 /* AppDelegate.swift in Sources */ = {isa = PBXBuildFile; fileRef = FF5D982D2AF51EBC004DD514 /* AppDelegate.swift */; };
		FF5D98302AF51EBC004DD514 /* SceneDelegate.swift in Sources */ = {isa = PBXBuildFile; fileRef = FF5D982F2AF51EBC004DD514 /* SceneDelegate.swift */; };
		FF5D98322AF51EBC004DD514 /* ViewController.swift in Sources */ = {isa = PBXBuildFile; fileRef = FF5D98312AF51EBC004DD514 /* ViewController.swift */; };
		FF5D98352AF51EBC004DD514 /* Main.storyboard in Resources */ = {isa = PBXBuildFile; fileRef = FF5D98332AF51EBC004DD514 /* Main.storyboard */; };
		FF5D98372AF51EBF004DD514 /* Assets.xcassets in Resources */ = {isa = PBXBuildFile; fileRef = FF5D98362AF51EBF004DD514 /* Assets.xcassets */; };
		FF5D983A2AF51EBF004DD514 /* LaunchScreen.storyboard in Resources */ = {isa = PBXBuildFile; fileRef = FF5D98382AF51EBF004DD514 /* LaunchScreen.storyboard */; };
		FFE7FF912B1F7E7000EEBA5A /* big_json.pb.swift in Sources */ = {isa = PBXBuildFile; fileRef = FFE7FF902B1F7E7000EEBA5A /* big_json.pb.swift */; };
		FFE8B21B2AF684FA00A51E11 /* librustengine.a in Frameworks */ = {isa = PBXBuildFile; fileRef = FFE8B21A2AF684E700A51E11 /* librustengine.a */; };
/* End PBXBuildFile section */

/* Begin PBXContainerItemProxy section */
		FF399F242AF67C1C00018965 /* PBXContainerItemProxy */ = {
			isa = PBXContainerItemProxy;
			containerPortal = FF5D98222AF51EBC004DD514 /* Project object */;
			proxyType = 1;
			remoteGlobalIDString = FF5D98292AF51EBC004DD514;
			remoteInfo = RustSwiftJSONParse;
		};
/* End PBXContainerItemProxy section */

/* Begin PBXFileReference section */
		FF34AB9F2AF68759007793B4 /* SimpleStatusJSON.swift */ = {isa = PBXFileReference; lastKnownFileType = sourcecode.swift; path = SimpleStatusJSON.swift; sourceTree = "<group>"; };
		FF34ABA12AF68CAC007793B4 /* BigJSON.swift */ = {isa = PBXFileReference; lastKnownFileType = sourcecode.swift; path = BigJSON.swift; sourceTree = "<group>"; };
		FF399F1A2AF6793F00018965 /* simple_status.pb.swift */ = {isa = PBXFileReference; fileEncoding = 4; lastKnownFileType = sourcecode.swift; path = simple_status.pb.swift; sourceTree = "<group>"; };
		FF399F202AF67C1C00018965 /* RustSwiftJSONParseTests.xctest */ = {isa = PBXFileReference; explicitFileType = wrapper.cfbundle; includeInIndex = 0; path = RustSwiftJSONParseTests.xctest; sourceTree = BUILT_PRODUCTS_DIR; };
		FF399F222AF67C1C00018965 /* RustSwiftJSONParseTests.swift */ = {isa = PBXFileReference; lastKnownFileType = sourcecode.swift; path = RustSwiftJSONParseTests.swift; sourceTree = "<group>"; };
		FF5D982A2AF51EBC004DD514 /* RustSwiftJSONParse.app */ = {isa = PBXFileReference; explicitFileType = wrapper.application; includeInIndex = 0; path = RustSwiftJSONParse.app; sourceTree = BUILT_PRODUCTS_DIR; };
		FF5D982D2AF51EBC004DD514 /* AppDelegate.swift */ = {isa = PBXFileReference; lastKnownFileType = sourcecode.swift; path = AppDelegate.swift; sourceTree = "<group>"; };
		FF5D982F2AF51EBC004DD514 /* SceneDelegate.swift */ = {isa = PBXFileReference; lastKnownFileType = sourcecode.swift; path = SceneDelegate.swift; sourceTree = "<group>"; };
		FF5D98312AF51EBC004DD514 /* ViewController.swift */ = {isa = PBXFileReference; lastKnownFileType = sourcecode.swift; path = ViewController.swift; sourceTree = "<group>"; };
		FF5D98342AF51EBC004DD514 /* Base */ = {isa = PBXFileReference; lastKnownFileType = file.storyboard; name = Base; path = Base.lproj/Main.storyboard; sourceTree = "<group>"; };
		FF5D98362AF51EBF004DD514 /* Assets.xcassets */ = {isa = PBXFileReference; lastKnownFileType = folder.assetcatalog; path = Assets.xcassets; sourceTree = "<group>"; };
		FF5D98392AF51EBF004DD514 /* Base */ = {isa = PBXFileReference; lastKnownFileType = file.storyboard; name = Base; path = Base.lproj/LaunchScreen.storyboard; sourceTree = "<group>"; };
		FF5D983B2AF51EBF004DD514 /* Info.plist */ = {isa = PBXFileReference; lastKnownFileType = text.plist.xml; path = Info.plist; sourceTree = "<group>"; };
		FFE7FF902B1F7E7000EEBA5A /* big_json.pb.swift */ = {isa = PBXFileReference; fileEncoding = 4; lastKnownFileType = sourcecode.swift; path = big_json.pb.swift; sourceTree = "<group>"; };
		FFE8B21A2AF684E700A51E11 /* librustengine.a */ = {isa = PBXFileReference; lastKnownFileType = archive.ar; name = librustengine.a; path = "../rustengine/target/aarch64-apple-ios-sim/release/librustengine.a"; sourceTree = "<group>"; };
/* End PBXFileReference section */

/* Begin PBXFrameworksBuildPhase section */
		FF399F1D2AF67C1C00018965 /* Frameworks */ = {
			isa = PBXFrameworksBuildPhase;
			buildActionMask = 2147483647;
			files = (
			);
			runOnlyForDeploymentPostprocessing = 0;
		};
		FF5D98272AF51EBC004DD514 /* Frameworks */ = {
			isa = PBXFrameworksBuildPhase;
			buildActionMask = 2147483647;
			files = (
				FF399F172AF6787D00018965 /* SwiftProtobufPluginLibrary in Frameworks */,
				FFE8B21B2AF684FA00A51E11 /* librustengine.a in Frameworks */,
				FF399F152AF6787D00018965 /* SwiftProtobuf in Frameworks */,
			);
			runOnlyForDeploymentPostprocessing = 0;
		};
/* End PBXFrameworksBuildPhase section */

/* Begin PBXGroup section */
		FF247AE92AF52C41007E0CCB /* Frameworks */ = {
			isa = PBXGroup;
			children = (
				FFE8B21A2AF684E700A51E11 /* librustengine.a */,
			);
			name = Frameworks;
			sourceTree = "<group>";
		};
		FF34AB9E2AF68743007793B4 /* JSON */ = {
			isa = PBXGroup;
			children = (
				FF34AB9F2AF68759007793B4 /* SimpleStatusJSON.swift */,
				FF34ABA12AF68CAC007793B4 /* BigJSON.swift */,
			);
			path = JSON;
			sourceTree = "<group>";
		};
		FF399F192AF6793F00018965 /* Protos */ = {
			isa = PBXGroup;
			children = (
				FFE7FF902B1F7E7000EEBA5A /* big_json.pb.swift */,
				FF399F1A2AF6793F00018965 /* simple_status.pb.swift */,
			);
			path = Protos;
			sourceTree = "<group>";
		};
		FF399F212AF67C1C00018965 /* RustSwiftJSONParseTests */ = {
			isa = PBXGroup;
			children = (
				FF399F222AF67C1C00018965 /* RustSwiftJSONParseTests.swift */,
			);
			path = RustSwiftJSONParseTests;
			sourceTree = "<group>";
		};
		FF5D98212AF51EBB004DD514 = {
			isa = PBXGroup;
			children = (
				FF5D982C2AF51EBC004DD514 /* RustSwiftJSONParse */,
				FF399F212AF67C1C00018965 /* RustSwiftJSONParseTests */,
				FF5D982B2AF51EBC004DD514 /* Products */,
				FF247AE92AF52C41007E0CCB /* Frameworks */,
			);
			sourceTree = "<group>";
		};
		FF5D982B2AF51EBC004DD514 /* Products */ = {
			isa = PBXGroup;
			children = (
				FF5D982A2AF51EBC004DD514 /* RustSwiftJSONParse.app */,
				FF399F202AF67C1C00018965 /* RustSwiftJSONParseTests.xctest */,
			);
			name = Products;
			sourceTree = "<group>";
		};
		FF5D982C2AF51EBC004DD514 /* RustSwiftJSONParse */ = {
			isa = PBXGroup;
			children = (
				FF34AB9E2AF68743007793B4 /* JSON */,
				FF399F192AF6793F00018965 /* Protos */,
				FF5D982D2AF51EBC004DD514 /* AppDelegate.swift */,
				FF5D982F2AF51EBC004DD514 /* SceneDelegate.swift */,
				FF5D98312AF51EBC004DD514 /* ViewController.swift */,
				FF5D98332AF51EBC004DD514 /* Main.storyboard */,
				FF5D98362AF51EBF004DD514 /* Assets.xcassets */,
				FF5D98382AF51EBF004DD514 /* LaunchScreen.storyboard */,
				FF5D983B2AF51EBF004DD514 /* Info.plist */,
			);
			path = RustSwiftJSONParse;
			sourceTree = "<group>";
		};
/* End PBXGroup section */

/* Begin PBXNativeTarget section */
		FF399F1F2AF67C1C00018965 /* RustSwiftJSONParseTests */ = {
			isa = PBXNativeTarget;
			buildConfigurationList = FF399F262AF67C1C00018965 /* Build configuration list for PBXNativeTarget "RustSwiftJSONParseTests" */;
			buildPhases = (
				FF399F1C2AF67C1C00018965 /* Sources */,
				FF399F1D2AF67C1C00018965 /* Frameworks */,
				FF399F1E2AF67C1C00018965 /* Resources */,
			);
			buildRules = (
			);
			dependencies = (
				FF399F252AF67C1C00018965 /* PBXTargetDependency */,
			);
			name = RustSwiftJSONParseTests;
			productName = RustSwiftJSONParseTests;
			productReference = FF399F202AF67C1C00018965 /* RustSwiftJSONParseTests.xctest */;
			productType = "com.apple.product-type.bundle.unit-test";
		};
		FF5D98292AF51EBC004DD514 /* RustSwiftJSONParse */ = {
			isa = PBXNativeTarget;
			buildConfigurationList = FF5D983E2AF51EBF004DD514 /* Build configuration list for PBXNativeTarget "RustSwiftJSONParse" */;
			buildPhases = (
				FFC845E72AF6374B00EB40E9 /* Build Protos */,
				FF247AE82AF52C10007E0CCB /* Build Rust */,
				FF5D98262AF51EBC004DD514 /* Sources */,
				FF5D98272AF51EBC004DD514 /* Frameworks */,
				FF5D98282AF51EBC004DD514 /* Resources */,
			);
			buildRules = (
			);
			dependencies = (
			);
			name = RustSwiftJSONParse;
			packageProductDependencies = (
				FF399F142AF6787D00018965 /* SwiftProtobuf */,
				FF399F162AF6787D00018965 /* SwiftProtobufPluginLibrary */,
			);
			productName = RustSwiftJSONParse;
			productReference = FF5D982A2AF51EBC004DD514 /* RustSwiftJSONParse.app */;
			productType = "com.apple.product-type.application";
		};
/* End PBXNativeTarget section */

/* Begin PBXProject section */
		FF5D98222AF51EBC004DD514 /* Project object */ = {
			isa = PBXProject;
			attributes = {
				BuildIndependentTargetsInParallel = 1;
				LastSwiftUpdateCheck = 1500;
				LastUpgradeCheck = 1500;
				TargetAttributes = {
					FF399F1F2AF67C1C00018965 = {
						CreatedOnToolsVersion = 15.0.1;
						TestTargetID = FF5D98292AF51EBC004DD514;
					};
					FF5D98292AF51EBC004DD514 = {
						CreatedOnToolsVersion = 15.0.1;
					};
				};
			};
			buildConfigurationList = FF5D98252AF51EBC004DD514 /* Build configuration list for PBXProject "RustSwiftJSONParse" */;
			compatibilityVersion = "Xcode 14.0";
			developmentRegion = en;
			hasScannedForEncodings = 0;
			knownRegions = (
				en,
				Base,
			);
			mainGroup = FF5D98212AF51EBB004DD514;
			packageReferences = (
				FF399F132AF6787D00018965 /* XCRemoteSwiftPackageReference "swift-protobuf" */,
			);
			productRefGroup = FF5D982B2AF51EBC004DD514 /* Products */;
			projectDirPath = "";
			projectRoot = "";
			targets = (
				FF5D98292AF51EBC004DD514 /* RustSwiftJSONParse */,
				FF399F1F2AF67C1C00018965 /* RustSwiftJSONParseTests */,
			);
		};
/* End PBXProject section */

/* Begin PBXResourcesBuildPhase section */
		FF399F1E2AF67C1C00018965 /* Resources */ = {
			isa = PBXResourcesBuildPhase;
			buildActionMask = 2147483647;
			files = (
			);
			runOnlyForDeploymentPostprocessing = 0;
		};
		FF5D98282AF51EBC004DD514 /* Resources */ = {
			isa = PBXResourcesBuildPhase;
			buildActionMask = 2147483647;
			files = (
				FF5D983A2AF51EBF004DD514 /* LaunchScreen.storyboard in Resources */,
				FF5D98372AF51EBF004DD514 /* Assets.xcassets in Resources */,
				FF5D98352AF51EBC004DD514 /* Main.storyboard in Resources */,
			);
			runOnlyForDeploymentPostprocessing = 0;
		};
/* End PBXResourcesBuildPhase section */

/* Begin PBXShellScriptBuildPhase section */
		FF247AE82AF52C10007E0CCB /* Build Rust */ = {
			isa = PBXShellScriptBuildPhase;
			alwaysOutOfDate = 1;
			buildActionMask = 2147483647;
			files = (
			);
			inputFileListPaths = (
			);
			inputPaths = (
			);
			name = "Build Rust";
			outputFileListPaths = (
			);
			outputPaths = (
			);
			runOnlyForDeploymentPostprocessing = 0;
			shellPath = /bin/sh;
			shellScript = "bash ${PROJECT_DIR}/scripts/build_rust_engine.sh $ENGINE_BUILD_VARIANT\n";
		};
		FFC845E72AF6374B00EB40E9 /* Build Protos */ = {
			isa = PBXShellScriptBuildPhase;
			alwaysOutOfDate = 1;
			buildActionMask = 2147483647;
			files = (
			);
			inputFileListPaths = (
			);
			inputPaths = (
			);
			name = "Build Protos";
			outputFileListPaths = (
			);
			outputPaths = (
			);
			runOnlyForDeploymentPostprocessing = 0;
			shellPath = /bin/sh;
			shellScript = "# bash ${PROJECT_DIR}/scripts/build_protos.sh\n";
			showEnvVarsInLog = 0;
		};
/* End PBXShellScriptBuildPhase section */

/* Begin PBXSourcesBuildPhase section */
		FF399F1C2AF67C1C00018965 /* Sources */ = {
			isa = PBXSourcesBuildPhase;
			buildActionMask = 2147483647;
			files = (
				FF399F232AF67C1C00018965 /* RustSwiftJSONParseTests.swift in Sources */,
			);
			runOnlyForDeploymentPostprocessing = 0;
		};
		FF5D98262AF51EBC004DD514 /* Sources */ = {
			isa = PBXSourcesBuildPhase;
			buildActionMask = 2147483647;
			files = (
				FF5D98322AF51EBC004DD514 /* ViewController.swift in Sources */,
				FF34ABA02AF68759007793B4 /* SimpleStatusJSON.swift in Sources */,
				FF5D982E2AF51EBC004DD514 /* AppDelegate.swift in Sources */,
				FFE7FF912B1F7E7000EEBA5A /* big_json.pb.swift in Sources */,
				FF399F1B2AF6793F00018965 /* simple_status.pb.swift in Sources */,
				FF34ABA22AF68CAC007793B4 /* BigJSON.swift in Sources */,
				FF5D98302AF51EBC004DD514 /* SceneDelegate.swift in Sources */,
			);
			runOnlyForDeploymentPostprocessing = 0;
		};
/* End PBXSourcesBuildPhase section */

/* Begin PBXTargetDependency section */
		FF399F252AF67C1C00018965 /* PBXTargetDependency */ = {
			isa = PBXTargetDependency;
			target = FF5D98292AF51EBC004DD514 /* RustSwiftJSONParse */;
			targetProxy = FF399F242AF67C1C00018965 /* PBXContainerItemProxy */;
		};
/* End PBXTargetDependency section */

/* Begin PBXVariantGroup section */
		FF5D98332AF51EBC004DD514 /* Main.storyboard */ = {
			isa = PBXVariantGroup;
			children = (
				FF5D98342AF51EBC004DD514 /* Base */,
			);
			name = Main.storyboard;
			sourceTree = "<group>";
		};
		FF5D98382AF51EBF004DD514 /* LaunchScreen.storyboard */ = {
			isa = PBXVariantGroup;
			children = (
				FF5D98392AF51EBF004DD514 /* Base */,
			);
			name = LaunchScreen.storyboard;
			sourceTree = "<group>";
		};
/* End PBXVariantGroup section */

/* Begin XCBuildConfiguration section */
		FF399F272AF67C1C00018965 /* Debug */ = {
			isa = XCBuildConfiguration;
			buildSettings = {
				BUNDLE_LOADER = "$(TEST_HOST)";
				CODE_SIGN_STYLE = Automatic;
				CURRENT_PROJECT_VERSION = 1;
				GENERATE_INFOPLIST_FILE = YES;
				MARKETING_VERSION = 1.0;
				PRODUCT_BUNDLE_IDENTIFIER = com.test.RustSwiftJSONParseTests;
				PRODUCT_NAME = "$(TARGET_NAME)";
				SWIFT_EMIT_LOC_STRINGS = NO;
				SWIFT_VERSION = 5.0;
				TARGETED_DEVICE_FAMILY = "1,2";
				TEST_HOST = "$(BUILT_PRODUCTS_DIR)/RustSwiftJSONParse.app/$(BUNDLE_EXECUTABLE_FOLDER_PATH)/RustSwiftJSONParse";
			};
			name = Debug;
		};
		FF399F282AF67C1C00018965 /* Release */ = {
			isa = XCBuildConfiguration;
			buildSettings = {
				BUNDLE_LOADER = "$(TEST_HOST)";
				CODE_SIGN_STYLE = Automatic;
				CURRENT_PROJECT_VERSION = 1;
				GENERATE_INFOPLIST_FILE = YES;
				MARKETING_VERSION = 1.0;
				PRODUCT_BUNDLE_IDENTIFIER = com.test.RustSwiftJSONParseTests;
				PRODUCT_NAME = "$(TARGET_NAME)";
				SWIFT_EMIT_LOC_STRINGS = NO;
				SWIFT_VERSION = 5.0;
				TARGETED_DEVICE_FAMILY = "1,2";
				TEST_HOST = "$(BUILT_PRODUCTS_DIR)/RustSwiftJSONParse.app/$(BUNDLE_EXECUTABLE_FOLDER_PATH)/RustSwiftJSONParse";
			};
			name = Release;
		};
		FF5D983C2AF51EBF004DD514 /* Debug */ = {
			isa = XCBuildConfiguration;
			buildSettings = {
				ALWAYS_SEARCH_USER_PATHS = NO;
				ASSETCATALOG_COMPILER_GENERATE_SWIFT_ASSET_SYMBOL_EXTENSIONS = YES;
				CLANG_ANALYZER_NONNULL = YES;
				CLANG_ANALYZER_NUMBER_OBJECT_CONVERSION = YES_AGGRESSIVE;
				CLANG_CXX_LANGUAGE_STANDARD = "gnu++20";
				CLANG_ENABLE_MODULES = YES;
				CLANG_ENABLE_OBJC_ARC = YES;
				CLANG_ENABLE_OBJC_WEAK = YES;
				CLANG_WARN_BLOCK_CAPTURE_AUTORELEASING = YES;
				CLANG_WARN_BOOL_CONVERSION = YES;
				CLANG_WARN_COMMA = YES;
				CLANG_WARN_CONSTANT_CONVERSION = YES;
				CLANG_WARN_DEPRECATED_OBJC_IMPLEMENTATIONS = YES;
				CLANG_WARN_DIRECT_OBJC_ISA_USAGE = YES_ERROR;
				CLANG_WARN_DOCUMENTATION_COMMENTS = YES;
				CLANG_WARN_EMPTY_BODY = YES;
				CLANG_WARN_ENUM_CONVERSION = YES;
				CLANG_WARN_INFINITE_RECURSION = YES;
				CLANG_WARN_INT_CONVERSION = YES;
				CLANG_WARN_NON_LITERAL_NULL_CONVERSION = YES;
				CLANG_WARN_OBJC_IMPLICIT_RETAIN_SELF = YES;
				CLANG_WARN_OBJC_LITERAL_CONVERSION = YES;
				CLANG_WARN_OBJC_ROOT_CLASS = YES_ERROR;
				CLANG_WARN_QUOTED_INCLUDE_IN_FRAMEWORK_HEADER = YES;
				CLANG_WARN_RANGE_LOOP_ANALYSIS = YES;
				CLANG_WARN_STRICT_PROTOTYPES = YES;
				CLANG_WARN_SUSPICIOUS_MOVE = YES;
				CLANG_WARN_UNGUARDED_AVAILABILITY = YES_AGGRESSIVE;
				CLANG_WARN_UNREACHABLE_CODE = YES;
				CLANG_WARN__DUPLICATE_METHOD_MATCH = YES;
				COPY_PHASE_STRIP = NO;
				DEBUG_INFORMATION_FORMAT = dwarf;
				ENABLE_STRICT_OBJC_MSGSEND = YES;
				ENABLE_TESTABILITY = YES;
				ENABLE_USER_SCRIPT_SANDBOXING = YES;
				ENGINE_BUILD_VARIANT = debug;
				GCC_C_LANGUAGE_STANDARD = gnu17;
				GCC_DYNAMIC_NO_PIC = NO;
				GCC_NO_COMMON_BLOCKS = YES;
				GCC_OPTIMIZATION_LEVEL = 0;
				GCC_PREPROCESSOR_DEFINITIONS = (
					"DEBUG=1",
					"$(inherited)",
				);
				GCC_WARN_64_TO_32_BIT_CONVERSION = YES;
				GCC_WARN_ABOUT_RETURN_TYPE = YES_ERROR;
				GCC_WARN_UNDECLARED_SELECTOR = YES;
				GCC_WARN_UNINITIALIZED_AUTOS = YES_AGGRESSIVE;
				GCC_WARN_UNUSED_FUNCTION = YES;
				GCC_WARN_UNUSED_VARIABLE = YES;
				IPHONEOS_DEPLOYMENT_TARGET = 17.0;
				"LIBRARY_SEARCH_PATHS[sdk=iphoneos*][arch=arm64]" = "$(PROJECT_DIR)/../rustengine/target/aarch64-apple-ios/debug";
				"LIBRARY_SEARCH_PATHS[sdk=iphonesimulator*][arch=arm64]" = "$(PROJECT_DIR)/../rustengine/target/aarch64-apple-ios-sim/debug";
				"LIBRARY_SEARCH_PATHS[sdk=iphonesimulator*][arch=x86_64]" = "$(PROJECT_DIR)/../rustengine/target/x86_64-apple-ios/debug";
				LOCALIZATION_PREFERS_STRING_CATALOGS = YES;
				MTL_ENABLE_DEBUG_INFO = INCLUDE_SOURCE;
				MTL_FAST_MATH = YES;
				ONLY_ACTIVE_ARCH = YES;
				SDKROOT = iphoneos;
				SWIFT_ACTIVE_COMPILATION_CONDITIONS = "DEBUG $(inherited)";
				SWIFT_OBJC_BRIDGING_HEADER = "$(PROJECT_DIR)/../rustengine/header/rust_engine_header.h";
				SWIFT_OPTIMIZATION_LEVEL = "-Onone";
			};
			name = Debug;
		};
		FF5D983D2AF51EBF004DD514 /* Release */ = {
			isa = XCBuildConfiguration;
			buildSettings = {
				ALWAYS_SEARCH_USER_PATHS = NO;
				ASSETCATALOG_COMPILER_GENERATE_SWIFT_ASSET_SYMBOL_EXTENSIONS = YES;
				CLANG_ANALYZER_NONNULL = YES;
				CLANG_ANALYZER_NUMBER_OBJECT_CONVERSION = YES_AGGRESSIVE;
				CLANG_CXX_LANGUAGE_STANDARD = "gnu++20";
				CLANG_ENABLE_MODULES = YES;
				CLANG_ENABLE_OBJC_ARC = YES;
				CLANG_ENABLE_OBJC_WEAK = YES;
				CLANG_WARN_BLOCK_CAPTURE_AUTORELEASING = YES;
				CLANG_WARN_BOOL_CONVERSION = YES;
				CLANG_WARN_COMMA = YES;
				CLANG_WARN_CONSTANT_CONVERSION = YES;
				CLANG_WARN_DEPRECATED_OBJC_IMPLEMENTATIONS = YES;
				CLANG_WARN_DIRECT_OBJC_ISA_USAGE = YES_ERROR;
				CLANG_WARN_DOCUMENTATION_COMMENTS = YES;
				CLANG_WARN_EMPTY_BODY = YES;
				CLANG_WARN_ENUM_CONVERSION = YES;
				CLANG_WARN_INFINITE_RECURSION = YES;
				CLANG_WARN_INT_CONVERSION = YES;
				CLANG_WARN_NON_LITERAL_NULL_CONVERSION = YES;
				CLANG_WARN_OBJC_IMPLICIT_RETAIN_SELF = YES;
				CLANG_WARN_OBJC_LITERAL_CONVERSION = YES;
				CLANG_WARN_OBJC_ROOT_CLASS = YES_ERROR;
				CLANG_WARN_QUOTED_INCLUDE_IN_FRAMEWORK_HEADER = YES;
				CLANG_WARN_RANGE_LOOP_ANALYSIS = YES;
				CLANG_WARN_STRICT_PROTOTYPES = YES;
				CLANG_WARN_SUSPICIOUS_MOVE = YES;
				CLANG_WARN_UNGUARDED_AVAILABILITY = YES_AGGRESSIVE;
				CLANG_WARN_UNREACHABLE_CODE = YES;
				CLANG_WARN__DUPLICATE_METHOD_MATCH = YES;
				COPY_PHASE_STRIP = NO;
				DEBUG_INFORMATION_FORMAT = "dwarf-with-dsym";
				ENABLE_NS_ASSERTIONS = NO;
				ENABLE_STRICT_OBJC_MSGSEND = YES;
				ENABLE_TESTABILITY = YES;
				ENABLE_USER_SCRIPT_SANDBOXING = YES;
				ENGINE_BUILD_VARIANT = release;
				GCC_C_LANGUAGE_STANDARD = gnu17;
				GCC_NO_COMMON_BLOCKS = YES;
				GCC_WARN_64_TO_32_BIT_CONVERSION = YES;
				GCC_WARN_ABOUT_RETURN_TYPE = YES_ERROR;
				GCC_WARN_UNDECLARED_SELECTOR = YES;
				GCC_WARN_UNINITIALIZED_AUTOS = YES_AGGRESSIVE;
				GCC_WARN_UNUSED_FUNCTION = YES;
				GCC_WARN_UNUSED_VARIABLE = YES;
				IPHONEOS_DEPLOYMENT_TARGET = 17.0;
				"LIBRARY_SEARCH_PATHS[sdk=iphoneos*][arch=arm64]" = "$(PROJECT_DIR)/../rustengine/target/aarch64-apple-ios/release";
				"LIBRARY_SEARCH_PATHS[sdk=iphonesimulator*][arch=arm64]" = "$(PROJECT_DIR)/../rustengine/target/aarch64-apple-ios-sim/release";
				"LIBRARY_SEARCH_PATHS[sdk=iphonesimulator*][arch=x86_64]" = "$(PROJECT_DIR)/../rustengine/target/x86_64-apple-ios/release";
				LOCALIZATION_PREFERS_STRING_CATALOGS = YES;
				MTL_ENABLE_DEBUG_INFO = NO;
				MTL_FAST_MATH = YES;
				SDKROOT = iphoneos;
				SWIFT_COMPILATION_MODE = wholemodule;
				SWIFT_OBJC_BRIDGING_HEADER = "$(PROJECT_DIR)/../rustengine/header/rust_engine_header.h";
				VALIDATE_PRODUCT = YES;
			};
			name = Release;
		};
		FF5D983F2AF51EBF004DD514 /* Debug */ = {
			isa = XCBuildConfiguration;
			buildSettings = {
				ASSETCATALOG_COMPILER_APPICON_NAME = AppIcon;
				ASSETCATALOG_COMPILER_GLOBAL_ACCENT_COLOR_NAME = AccentColor;
				CODE_SIGN_STYLE = Automatic;
				CURRENT_PROJECT_VERSION = 1;
				ENABLE_USER_SCRIPT_SANDBOXING = NO;
				GENERATE_INFOPLIST_FILE = YES;
				INFOPLIST_FILE = RustSwiftJSONParse/Info.plist;
				INFOPLIST_KEY_UIApplicationSupportsIndirectInputEvents = YES;
				INFOPLIST_KEY_UILaunchStoryboardName = LaunchScreen;
				INFOPLIST_KEY_UIMainStoryboardFile = Main;
				INFOPLIST_KEY_UISupportedInterfaceOrientations_iPad = "UIInterfaceOrientationPortrait UIInterfaceOrientationPortraitUpsideDown UIInterfaceOrientationLandscapeLeft UIInterfaceOrientationLandscapeRight";
				INFOPLIST_KEY_UISupportedInterfaceOrientations_iPhone = "UIInterfaceOrientationPortrait UIInterfaceOrientationLandscapeLeft UIInterfaceOrientationLandscapeRight";
				LD_RUNPATH_SEARCH_PATHS = (
					"$(inherited)",
					"@executable_path/Frameworks",
				);
				MARKETING_VERSION = 1.0;
				PRODUCT_BUNDLE_IDENTIFIER = com.test.RustSwiftJSONParse;
				PRODUCT_NAME = "$(TARGET_NAME)";
				SWIFT_EMIT_LOC_STRINGS = YES;
				SWIFT_VERSION = 5.0;
				TARGETED_DEVICE_FAMILY = "1,2";
			};
			name = Debug;
		};
		FF5D98402AF51EBF004DD514 /* Release */ = {
			isa = XCBuildConfiguration;
			buildSettings = {
				ASSETCATALOG_COMPILER_APPICON_NAME = AppIcon;
				ASSETCATALOG_COMPILER_GLOBAL_ACCENT_COLOR_NAME = AccentColor;
				CODE_SIGN_STYLE = Automatic;
				CURRENT_PROJECT_VERSION = 1;
				ENABLE_USER_SCRIPT_SANDBOXING = NO;
				GENERATE_INFOPLIST_FILE = YES;
				INFOPLIST_FILE = RustSwiftJSONParse/Info.plist;
				INFOPLIST_KEY_UIApplicationSupportsIndirectInputEvents = YES;
				INFOPLIST_KEY_UILaunchStoryboardName = LaunchScreen;
				INFOPLIST_KEY_UIMainStoryboardFile = Main;
				INFOPLIST_KEY_UISupportedInterfaceOrientations_iPad = "UIInterfaceOrientationPortrait UIInterfaceOrientationPortraitUpsideDown UIInterfaceOrientationLandscapeLeft UIInterfaceOrientationLandscapeRight";
				INFOPLIST_KEY_UISupportedInterfaceOrientations_iPhone = "UIInterfaceOrientationPortrait UIInterfaceOrientationLandscapeLeft UIInterfaceOrientationLandscapeRight";
				LD_RUNPATH_SEARCH_PATHS = (
					"$(inherited)",
					"@executable_path/Frameworks",
				);
				MARKETING_VERSION = 1.0;
				PRODUCT_BUNDLE_IDENTIFIER = com.test.RustSwiftJSONParse;
				PRODUCT_NAME = "$(TARGET_NAME)";
				SWIFT_EMIT_LOC_STRINGS = YES;
				SWIFT_VERSION = 5.0;
				TARGETED_DEVICE_FAMILY = "1,2";
			};
			name = Release;
		};
/* End XCBuildConfiguration section */

/* Begin XCConfigurationList section */
		FF399F262AF67C1C00018965 /* Build configuration list for PBXNativeTarget "RustSwiftJSONParseTests" */ = {
			isa = XCConfigurationList;
			buildConfigurations = (
				FF399F272AF67C1C00018965 /* Debug */,
				FF399F282AF67C1C00018965 /* Release */,
			);
			defaultConfigurationIsVisible = 0;
			defaultConfigurationName = Release;
		};
		FF5D98252AF51EBC004DD514 /* Build configuration list for PBXProject "RustSwiftJSONParse" */ = {
			isa = XCConfigurationList;
			buildConfigurations = (
				FF5D983C2AF51EBF004DD514 /* Debug */,
				FF5D983D2AF51EBF004DD514 /* Release */,
			);
			defaultConfigurationIsVisible = 0;
			defaultConfigurationName = Release;
		};
		FF5D983E2AF51EBF004DD514 /* Build configuration list for PBXNativeTarget "RustSwiftJSONParse" */ = {
			isa = XCConfigurationList;
			buildConfigurations = (
				FF5D983F2AF51EBF004DD514 /* Debug */,
				FF5D98402AF51EBF004DD514 /* Release */,
			);
			defaultConfigurationIsVisible = 0;
			defaultConfigurationName = Release;
		};
/* End XCConfigurationList section */

/* Begin XCRemoteSwiftPackageReference section */
		FF399F132AF6787D00018965 /* XCRemoteSwiftPackageReference "swift-protobuf" */ = {
			isa = XCRemoteSwiftPackageReference;
			repositoryURL = "https://github.com/apple/swift-protobuf.git";
			requirement = {
				kind = upToNextMajorVersion;
				minimumVersion = 1.25.1;
			};
		};
/* End XCRemoteSwiftPackageReference section */

/* Begin XCSwiftPackageProductDependency section */
		FF399F142AF6787D00018965 /* SwiftProtobuf */ = {
			isa = XCSwiftPackageProductDependency;
			package = FF399F132AF6787D00018965 /* XCRemoteSwiftPackageReference "swift-protobuf" */;
			productName = SwiftProtobuf;
		};
		FF399F162AF6787D00018965 /* SwiftProtobufPluginLibrary */ = {
			isa = XCSwiftPackageProductDependency;
			package = FF399F132AF6787D00018965 /* XCRemoteSwiftPackageReference "swift-protobuf" */;
			productName = SwiftProtobufPluginLibrary;
		};
/* End XCSwiftPackageProductDependency section */
	};
	rootObject = FF5D98222AF51EBC004DD514 /* Project object */;
}
